
Microsoft Visual Studio Solution File, Format Version 12.00
# Visual Studio Version 16
VisualStudioVersion = 16.0.31402.337
MinimumVisualStudioVersion = 10.0.40219.1
Project("{9A19103F-16F7-4668-BE54-9A1E7A4F7556}") = "Decompose.Service", "Decompose.Service\Decompose.Service.csproj", "{8140D560-5E96-46BA-BDA9-D44628C770F1}"
EndProject
Project("{9A19103F-16F7-4668-BE54-9A1E7A4F7556}") = "Decompose.API", "Decompose.API\Decompose.API.csproj", "{97FC5D5D-4A5C-4573-87BA-C659D70864E1}"
EndProject
Project("{9A19103F-16F7-4668-BE54-9A1E7A4F7556}") = "Decompose.Domain", "Decompose.Domain\Decompose.Domain.csproj", "{83FA3005-B3C3-405D-867F-1DFB4CAAAF8D}"
EndProject
Project("{9A19103F-16F7-4668-BE54-9A1E7A4F7556}") = "Decompose.ConsoleApp", "Decompose.ConsoleApp\Decompose.ConsoleApp.csproj", "{723B1674-666A-40E3-A673-2FC3BDEAF037}"
EndProject
Global
	GlobalSection(SolutionConfigurationPlatforms) = preSolution
		Debug|Any CPU = Debug|Any CPU
		Release|Any CPU = Release|Any CPU
	EndGlobalSection
	GlobalSection(ProjectConfigurationPlatforms) = postSolution
		{8140D560-5E96-46BA-BDA9-D44628C770F1}.Debug|Any CPU.ActiveCfg = Debug|Any CPU
		{8140D560-5E96-46BA-BDA9-D44628C770F1}.Debug|Any CPU.Build.0 = Debug|Any CPU
		{8140D560-5E96-46BA-BDA9-D44628C770F1}.Release|Any CPU.ActiveCfg = Release|Any CPU
		{8140D560-5E96-46BA-BDA9-D44628C770F1}.Release|Any CPU.Build.0 = Release|Any CPU
		{97FC5D5D-4A5C-4573-87BA-C659D70864E1}.Debug|Any CPU.ActiveCfg = Debug|Any CPU
		{97FC5D5D-4A5C-4573-87BA-C659D70864E1}.Debug|Any CPU.Build.0 = Debug|Any CPU
		{97FC5D5D-4A5C-4573-87BA-C659D70864E1}.Release|Any CPU.ActiveCfg = Release|Any CPU
		{97FC5D5D-4A5C-4573-87BA-C659D70864E1}.Release|Any CPU.Build.0 = Release|Any CPU
		{83FA3005-B3C3-405D-867F-1DFB4CAAAF8D}.Debug|Any CPU.ActiveCfg = Debug|Any CPU
		{83FA3005-B3C3-405D-867F-1DFB4CAAAF8D}.Debug|Any CPU.Build.0 = Debug|Any CPU
		{83FA3005-B3C3-405D-867F-1DFB4CAAAF8D}.Release|Any CPU.ActiveCfg = Release|Any CPU
		{83FA3005-B3C3-405D-867F-1DFB4CAAAF8D}.Release|Any CPU.Build.0 = Release|Any CPU
		{723B1674-666A-40E3-A673-2FC3BDEAF037}.Debug|Any CPU.ActiveCfg = Debug|Any CPU
		{723B1674-666A-40E3-A673-2FC3BDEAF037}.Debug|Any CPU.Build.0 = Debug|Any CPU
		{723B1674-666A-40E3-A673-2FC3BDEAF037}.Release|Any CPU.ActiveCfg = Release|Any CPU
		{723B1674-666A-40E3-A673-2FC3BDEAF037}.Release|Any CPU.Build.0 = Release|Any CPU
	EndGlobalSection
	GlobalSection(SolutionProperties) = preSolution
		HideSolutionNode = FALSE
	EndGlobalSection
	GlobalSection(ExtensibilityGlobals) = postSolution
		SolutionGuid = {42ACCB58-958D-4B4E-965B-8BCF7E51F4B0}
	EndGlobalSection
EndGlobal
